
Microsoft Visual Studio Solution File, Format Version 12.00
# Visual Studio 15
VisualStudioVersion = 15.0.28307.329
MinimumVisualStudioVersion = 10.0.40219.1
Project("{FAE04EC0-301F-11D3-BF4B-00C04F79EFBC}") = "WorkWork", "WorkWork\WorkWork.csproj", "{D009A4F4-6D1D-409F-BE39-DC353AAE7080}"
EndProject
Global
	GlobalSection(SolutionConfigurationPlatforms) = preSolution
		Debug|Any CPU = Debug|Any CPU
		Release|Any CPU = Release|Any CPU
	EndGlobalSection
	GlobalSection(ProjectConfigurationPlatforms) = postSolution
		{D009A4F4-6D1D-409F-BE39-DC353AAE7080}.Debug|Any CPU.ActiveCfg = Debug|Any CPU
		{D009A4F4-6D1D-409F-BE39-DC353AAE7080}.Debug|Any CPU.Build.0 = Debug|Any CPU
		{D009A4F4-6D1D-409F-BE39-DC353AAE7080}.Release|Any CPU.ActiveCfg = Release|Any CPU
		{D009A4F4-6D1D-409F-BE39-DC353AAE7080}.Release|Any CPU.Build.0 = Release|Any CPU
	EndGlobalSection
	GlobalSection(SolutionProperties) = preSolution
		HideSolutionNode = FALSE
	EndGlobalSection
	GlobalSection(ExtensibilityGlobals) = postSolution
		SolutionGuid = {88A7DAB6-F07E-43E2-8C5D-067C9D5B968A}
	EndGlobalSection
EndGlobal
